
Microsoft Visual Studio Solution File, Format Version 12.00
# Visual Studio Version 17
VisualStudioVersion = 17.8.34330.188
MinimumVisualStudioVersion = 10.0.40219.1
Project("{FAE04EC0-301F-11D3-BF4B-00C04F79EFBC}") = "InitialBackend", "InitialBackend\InitialBackend.csproj", "{6C2F2FA1-F3D1-47EC-B1E3-4F1D5AC55D16}"
EndProject
Global
	GlobalSection(SolutionConfigurationPlatforms) = preSolution
		Debug|Any CPU = Debug|Any CPU
		Release|Any CPU = Release|Any CPU
	EndGlobalSection
	GlobalSection(ProjectConfigurationPlatforms) = postSolution
		{6C2F2FA1-F3D1-47EC-B1E3-4F1D5AC55D16}.Debug|Any CPU.ActiveCfg = Debug|Any CPU
		{6C2F2FA1-F3D1-47EC-B1E3-4F1D5AC55D16}.Debug|Any CPU.Build.0 = Debug|Any CPU
		{6C2F2FA1-F3D1-47EC-B1E3-4F1D5AC55D16}.Release|Any CPU.ActiveCfg = Release|Any CPU
		{6C2F2FA1-F3D1-47EC-B1E3-4F1D5AC55D16}.Release|Any CPU.Build.0 = Release|Any CPU
	EndGlobalSection
	GlobalSection(SolutionProperties) = preSolution
		HideSolutionNode = FALSE
	EndGlobalSection
	GlobalSection(ExtensibilityGlobals) = postSolution
		SolutionGuid = {739E44F9-708E-412B-A1A1-7C4AD3C3EE7B}
	EndGlobalSection
EndGlobal
